
Microsoft Visual Studio Solution File, Format Version 12.00
# Visual Studio Version 16
VisualStudioVersion = 16.0.29409.12
MinimumVisualStudioVersion = 10.0.40219.1
Project("{FAE04EC0-301F-11D3-BF4B-00C04F79EFBC}") = "ASEProject", "ASEProject.csproj", "{80F385D9-0D69-46F9-819E-EAAC72E7A914}"
EndProject
Global
	GlobalSection(SolutionConfigurationPlatforms) = preSolution
		Debug|Any CPU = Debug|Any CPU
		Release|Any CPU = Release|Any CPU
	EndGlobalSection
	GlobalSection(ProjectConfigurationPlatforms) = postSolution
		{80F385D9-0D69-46F9-819E-EAAC72E7A914}.Debug|Any CPU.ActiveCfg = Debug|Any CPU
		{80F385D9-0D69-46F9-819E-EAAC72E7A914}.Debug|Any CPU.Build.0 = Debug|Any CPU
		{80F385D9-0D69-46F9-819E-EAAC72E7A914}.Release|Any CPU.ActiveCfg = Release|Any CPU
		{80F385D9-0D69-46F9-819E-EAAC72E7A914}.Release|Any CPU.Build.0 = Release|Any CPU
	EndGlobalSection
	GlobalSection(SolutionProperties) = preSolution
		HideSolutionNode = FALSE
	EndGlobalSection
	GlobalSection(ExtensibilityGlobals) = postSolution
		SolutionGuid = {DB7E7E28-DB66-4F54-A671-9972BC2CA0CD}
	EndGlobalSection
EndGlobal
